{
  "requires": true,
  "lockfileVersion": 1,
  "dependencies": {
    "@themingisprose/icon-pack": {
      "version": "1.1.5",
      "resolved": "https://registry.npmjs.org/@themingisprose/icon-pack/-/icon-pack-1.1.5.tgz",
      "integrity": "sha512-Sj1O24UeKi12d4qvysm+QOS28LWSpc+5jP8epzB/dZY9/2hUW+cr8ROfuobMNMoxj8VgCcajAIaOce9B5mnn8A=="
    },
    "bootstrap": {
      "version": "4.3.1",
      "resolved": "https://registry.npmjs.org/bootstrap/-/bootstrap-4.3.1.tgz",
      "integrity": "sha512-rXqOmH1VilAt2DyPzluTi2blhk17bO7ef+zLLPlWvG494pDxcM234pJ8wTc/6R40UWizAIIMgxjvxZg5kmsbag=="
    },
    "countdowntimer": {
      "version": "2.0.1",
      "resolved": "https://registry.npmjs.org/countdowntimer/-/countdowntimer-2.0.1.tgz",
      "integrity": "sha512-chZbPV+16Ls4WM8k8N/cO/EH+XBUiQP2mmLSnU34gHcsqLkOaiukX4rlZaH0LHcaAapsYukOQrcy+A97LE7MJw==",
      "requires": {
        "jquery": "^3.2.1"
      }
    },
    "jquery": {
      "version": "3.3.1",
      "resolved": "https://registry.npmjs.org/jquery/-/jquery-3.3.1.tgz",
      "integrity": "sha512-Ubldcmxp5np52/ENotGxlLe6aGMvmF4R8S6tZjsP6Knsaxd/xp3Zrh50cG93lR6nPXyUFwzN3ZSOQI0wRJNdGg=="
    }
  }
}
